{
    "_meta": {
        "hash": {
            "sha256": "b0bf6524a9a0e974bd06694725739554aa949c9d8fb7217dd1bfe6bd1f6038af"
        },
        "pipfile-spec": 6,
        "requires": {
            "python_version": "3.9"
        },
        "sources": [
            {
                "name": "pypi",
                "url": "https://pypi.org/simple",
                "verify_ssl": true
            }
        ]
    },
    "default": {
        "gunicorn": {
            "hashes": [
                "sha256:9dcc4547dbb1cb284accfb15ab5667a0e5d1881cc443e0677b4882a4067a807e",
                "sha256:e0a968b5ba15f8a328fdfd7ab1fcb5af4470c28aaf7e55df02a99bc13138e6e8"
            ],
            "index": "pypi",
            "version": "==20.1.0"
        },
        "setuptools": {
            "hashes": [
                "sha256:5c89b1a14a67ac5f0956f1cb0aeb7d1d3f4c8ba4e4e1ab7bf1af4933f9a2f0fe",
                "sha256:675fcebecb43c32eb930481abf907619137547f4336206e4d673180242e1a278"
            ],
            "markers": "python_version >= '3.7'",
            "version": "==60.2.0"
        }
    },
    "develop": {}
}
